
Microsoft Visual Studio Solution File, Format Version 12.00
# Visual Studio 15
VisualStudioVersion = 15.0.28010.2036
MinimumVisualStudioVersion = 10.0.40219.1
Project("{FAE04EC0-301F-11D3-BF4B-00C04F79EFBC}") = "WebAPI06Application", "WebAPI06Application\WebAPI06Application.csproj", "{7B041C5F-0019-4688-888C-0453EB42C01D}"
EndProject
Global
	GlobalSection(SolutionConfigurationPlatforms) = preSolution
		Debug|Any CPU = Debug|Any CPU
		Release|Any CPU = Release|Any CPU
	EndGlobalSection
	GlobalSection(ProjectConfigurationPlatforms) = postSolution
		{7B041C5F-0019-4688-888C-0453EB42C01D}.Debug|Any CPU.ActiveCfg = Debug|Any CPU
		{7B041C5F-0019-4688-888C-0453EB42C01D}.Debug|Any CPU.Build.0 = Debug|Any CPU
		{7B041C5F-0019-4688-888C-0453EB42C01D}.Release|Any CPU.ActiveCfg = Release|Any CPU
		{7B041C5F-0019-4688-888C-0453EB42C01D}.Release|Any CPU.Build.0 = Release|Any CPU
	EndGlobalSection
	GlobalSection(SolutionProperties) = preSolution
		HideSolutionNode = FALSE
	EndGlobalSection
	GlobalSection(ExtensibilityGlobals) = postSolution
		SolutionGuid = {1D651B58-A704-485F-B1F8-C833DE6B2B08}
	EndGlobalSection
EndGlobal
